
Microsoft Visual Studio Solution File, Format Version 12.00
# Visual Studio 14
VisualStudioVersion = 14.0.25420.1
MinimumVisualStudioVersion = 10.0.40219.1
Project("{888888A0-9F3D-457C-B088-3A5042F75D52}") = "Lab1A_SOLUTION", "Lab1A_SOLUTION\Lab1A_SOLUTION.pyproj", "{7E28BE8C-4BC4-4644-A45C-9B2DA2E35259}"
EndProject
Global
	GlobalSection(SolutionConfigurationPlatforms) = preSolution
		Debug|Any CPU = Debug|Any CPU
		Release|Any CPU = Release|Any CPU
	EndGlobalSection
	GlobalSection(ProjectConfigurationPlatforms) = postSolution
		{7E28BE8C-4BC4-4644-A45C-9B2DA2E35259}.Debug|Any CPU.ActiveCfg = Debug|Any CPU
		{7E28BE8C-4BC4-4644-A45C-9B2DA2E35259}.Release|Any CPU.ActiveCfg = Release|Any CPU
	EndGlobalSection
	GlobalSection(SolutionProperties) = preSolution
		HideSolutionNode = FALSE
	EndGlobalSection
EndGlobal
